{
  "name": "pspdfkit-svelte",
  "version": "1.0.0",
  "lockfileVersion": 1,
  "requires": true,
  "dependencies": {
    "pspdfkit": {
      "version": "2021.4.3",
      "resolved": "https://registry.npmjs.org/pspdfkit/-/pspdfkit-2021.4.3.tgz",
      "integrity": "sha512-9LXY05tnFL0d2Hji8PExuTq/Z8k23TbsocgoBKAHXr1sebb4fTUKx8LtChemXr89CKiZ2aBWRn6YWjuOGTdItA=="
    }
  }
}
